{
    "name": "astal-shell",
    "lockfileVersion": 3,
    "requires": true,
    "packages": {
        "": {
            "name": "astal-shell",
            "dependencies": {
                "astal": "/usr/share/astal/gjs",
                "typescript": "^5.7.1-rc"
            }
        },
        "../../../../usr/share/astal/gjs": {
            "name": "astal",
            "license": "LGPL-2.1"
        },
        "node_modules/astal": {
            "resolved": "../../../../usr/share/astal/gjs",
            "link": true
        },
        "node_modules/typescript": {
            "version": "5.7.1-rc",
            "resolved": "https://registry.npmjs.org/typescript/-/typescript-5.7.1-rc.tgz",
            "integrity": "sha512-d6m+HT78uZtyUbXbUyIvuJ6kXCTSJEfy+2pZSUwt9d6JZ0kOMNDwhIILfV5FnaxMwVa48Yfw4sK0ISC4Qyq5tw==",
            "license": "Apache-2.0",
            "bin": {
                "tsc": "bin/tsc",
                "tsserver": "bin/tsserver"
            },
            "engines": {
                "node": ">=14.17"
            }
        }
    }
}
